// !$*UTF8*$!
{
	archiveVersion = 1;
	classes = {
	};
	objectVersion = 55;
	objects = {

/* Begin PBXBuildFile section */
		9933BAAC282AE50D003F120A /* ListDisplayView.swift in Sources */ = {isa = PBXBuildFile; fileRef = 9933BAAB282AE50D003F120A /* ListDisplayView.swift */; };
		9933BAAF282AE601003F120A /* Controller.swift in Sources */ = {isa = PBXBuildFile; fileRef = 9933BAAE282AE601003F120A /* Controller.swift */; };
		9933BAB1282AE63F003F120A /* Support.swift in Sources */ = {isa = PBXBuildFile; fileRef = 9933BAB0282AE63F003F120A /* Support.swift */; };
		9933BAB3282B0099003F120A /* DatabaseManager.swift in Sources */ = {isa = PBXBuildFile; fileRef = 9933BAB2282B0099003F120A /* DatabaseManager.swift */; };
		9950961A2834185A007F627B /* TopRowView.swift in Sources */ = {isa = PBXBuildFile; fileRef = 995096192834185A007F627B /* TopRowView.swift */; };
		9950961C28341CA8007F627B /* QRZDataView.swift in Sources */ = {isa = PBXBuildFile; fileRef = 9950961B28341CA8007F627B /* QRZDataView.swift */; };
		9959981828625F6C00219AC8 /* QueryBar.swift in Sources */ = {isa = PBXBuildFile; fileRef = 9959981728625F6C00219AC8 /* QueryBar.swift */; };
		99635D48282C58AE00966C4B /* ListHeaderView.swift in Sources */ = {isa = PBXBuildFile; fileRef = 99635D47282C58AE00966C4B /* ListHeaderView.swift */; };
		99A8D8FA28285F46007189DC /* xLogExplorerApp.swift in Sources */ = {isa = PBXBuildFile; fileRef = 99A8D8F928285F46007189DC /* xLogExplorerApp.swift */; };
		99A8D8FC28285F46007189DC /* ContentView.swift in Sources */ = {isa = PBXBuildFile; fileRef = 99A8D8FB28285F46007189DC /* ContentView.swift */; };
		99A8D8FE28285F47007189DC /* Assets.xcassets in Resources */ = {isa = PBXBuildFile; fileRef = 99A8D8FD28285F47007189DC /* Assets.xcassets */; };
		99A8D90128285F47007189DC /* Preview Assets.xcassets in Resources */ = {isa = PBXBuildFile; fileRef = 99A8D90028285F47007189DC /* Preview Assets.xcassets */; };
		99B6532F2832C8EB0004425D /* CallParser in Frameworks */ = {isa = PBXBuildFile; productRef = 99B6532E2832C8EB0004425D /* CallParser */; };
/* End PBXBuildFile section */

/* Begin PBXFileReference section */
		9933BAAB282AE50D003F120A /* ListDisplayView.swift */ = {isa = PBXFileReference; lastKnownFileType = sourcecode.swift; path = ListDisplayView.swift; sourceTree = "<group>"; };
		9933BAAE282AE601003F120A /* Controller.swift */ = {isa = PBXFileReference; lastKnownFileType = sourcecode.swift; path = Controller.swift; sourceTree = "<group>"; };
		9933BAB0282AE63F003F120A /* Support.swift */ = {isa = PBXFileReference; lastKnownFileType = sourcecode.swift; path = Support.swift; sourceTree = "<group>"; };
		9933BAB2282B0099003F120A /* DatabaseManager.swift */ = {isa = PBXFileReference; lastKnownFileType = sourcecode.swift; path = DatabaseManager.swift; sourceTree = "<group>"; };
		995096192834185A007F627B /* TopRowView.swift */ = {isa = PBXFileReference; lastKnownFileType = sourcecode.swift; path = TopRowView.swift; sourceTree = "<group>"; };
		9950961B28341CA8007F627B /* QRZDataView.swift */ = {isa = PBXFileReference; lastKnownFileType = sourcecode.swift; path = QRZDataView.swift; sourceTree = "<group>"; };
		9959981728625F6C00219AC8 /* QueryBar.swift */ = {isa = PBXFileReference; lastKnownFileType = sourcecode.swift; path = QueryBar.swift; sourceTree = "<group>"; };
		99635D47282C58AE00966C4B /* ListHeaderView.swift */ = {isa = PBXFileReference; lastKnownFileType = sourcecode.swift; path = ListHeaderView.swift; sourceTree = "<group>"; };
		99635D4A282D696A00966C4B /* README.md */ = {isa = PBXFileReference; lastKnownFileType = net.daringfireball.markdown; path = README.md; sourceTree = "<group>"; };
		99A8D8F628285F46007189DC /* xLogExplorer.app */ = {isa = PBXFileReference; explicitFileType = wrapper.application; includeInIndex = 0; path = xLogExplorer.app; sourceTree = BUILT_PRODUCTS_DIR; };
		99A8D8F928285F46007189DC /* xLogExplorerApp.swift */ = {isa = PBXFileReference; lastKnownFileType = sourcecode.swift; path = xLogExplorerApp.swift; sourceTree = "<group>"; };
		99A8D8FB28285F46007189DC /* ContentView.swift */ = {isa = PBXFileReference; lastKnownFileType = sourcecode.swift; path = ContentView.swift; sourceTree = "<group>"; };
		99A8D8FD28285F47007189DC /* Assets.xcassets */ = {isa = PBXFileReference; lastKnownFileType = folder.assetcatalog; path = Assets.xcassets; sourceTree = "<group>"; };
		99A8D90028285F47007189DC /* Preview Assets.xcassets */ = {isa = PBXFileReference; lastKnownFileType = folder.assetcatalog; path = "Preview Assets.xcassets"; sourceTree = "<group>"; };
		99A8D90228285F47007189DC /* xLogExplorer.entitlements */ = {isa = PBXFileReference; lastKnownFileType = text.plist.entitlements; path = xLogExplorer.entitlements; sourceTree = "<group>"; };
/* End PBXFileReference section */

/* Begin PBXFrameworksBuildPhase section */
		99A8D8F328285F46007189DC /* Frameworks */ = {
			isa = PBXFrameworksBuildPhase;
			buildActionMask = 2147483647;
			files = (
				99B6532F2832C8EB0004425D /* CallParser in Frameworks */,
			);
			runOnlyForDeploymentPostprocessing = 0;
		};
/* End PBXFrameworksBuildPhase section */

/* Begin PBXGroup section */
		9933BAAD282AE516003F120A /* Views */ = {
			isa = PBXGroup;
			children = (
				99A8D8FB28285F46007189DC /* ContentView.swift */,
				9933BAAB282AE50D003F120A /* ListDisplayView.swift */,
				99635D47282C58AE00966C4B /* ListHeaderView.swift */,
				995096192834185A007F627B /* TopRowView.swift */,
				9950961B28341CA8007F627B /* QRZDataView.swift */,
				9959981728625F6C00219AC8 /* QueryBar.swift */,
			);
			path = Views;
			sourceTree = "<group>";
		};
		99635D49282D691600966C4B /* Source */ = {
			isa = PBXGroup;
			children = (
				9933BAAE282AE601003F120A /* Controller.swift */,
				9933BAB2282B0099003F120A /* DatabaseManager.swift */,
				9933BAB0282AE63F003F120A /* Support.swift */,
			);
			path = Source;
			sourceTree = "<group>";
		};
		99A8D8ED28285F46007189DC = {
			isa = PBXGroup;
			children = (
				99A8D8F828285F46007189DC /* xLogExplorer */,
				99A8D8F728285F46007189DC /* Products */,
			);
			sourceTree = "<group>";
		};
		99A8D8F728285F46007189DC /* Products */ = {
			isa = PBXGroup;
			children = (
				99A8D8F628285F46007189DC /* xLogExplorer.app */,
			);
			name = Products;
			sourceTree = "<group>";
		};
		99A8D8F828285F46007189DC /* xLogExplorer */ = {
			isa = PBXGroup;
			children = (
				99635D49282D691600966C4B /* Source */,
				9933BAAD282AE516003F120A /* Views */,
				99A8D8F928285F46007189DC /* xLogExplorerApp.swift */,
				99A8D8FD28285F47007189DC /* Assets.xcassets */,
				99A8D90228285F47007189DC /* xLogExplorer.entitlements */,
				99A8D8FF28285F47007189DC /* Preview Content */,
				99635D4A282D696A00966C4B /* README.md */,
			);
			path = xLogExplorer;
			sourceTree = "<group>";
		};
		99A8D8FF28285F47007189DC /* Preview Content */ = {
			isa = PBXGroup;
			children = (
				99A8D90028285F47007189DC /* Preview Assets.xcassets */,
			);
			path = "Preview Content";
			sourceTree = "<group>";
		};
/* End PBXGroup section */

/* Begin PBXNativeTarget section */
		99A8D8F528285F46007189DC /* xLogExplorer */ = {
			isa = PBXNativeTarget;
			buildConfigurationList = 99A8D90528285F47007189DC /* Build configuration list for PBXNativeTarget "xLogExplorer" */;
			buildPhases = (
				99A8D8F228285F46007189DC /* Sources */,
				99A8D8F328285F46007189DC /* Frameworks */,
				99A8D8F428285F46007189DC /* Resources */,
			);
			buildRules = (
			);
			dependencies = (
			);
			name = xLogExplorer;
			packageProductDependencies = (
				99B6532E2832C8EB0004425D /* CallParser */,
			);
			productName = xLogExplorer;
			productReference = 99A8D8F628285F46007189DC /* xLogExplorer.app */;
			productType = "com.apple.product-type.application";
		};
/* End PBXNativeTarget section */

/* Begin PBXProject section */
		99A8D8EE28285F46007189DC /* Project object */ = {
			isa = PBXProject;
			attributes = {
				BuildIndependentTargetsInParallel = 1;
				LastSwiftUpdateCheck = 1320;
				LastUpgradeCheck = 1330;
				TargetAttributes = {
					99A8D8F528285F46007189DC = {
						CreatedOnToolsVersion = 13.2;
					};
				};
			};
			buildConfigurationList = 99A8D8F128285F46007189DC /* Build configuration list for PBXProject "xLogExplorer" */;
			compatibilityVersion = "Xcode 13.0";
			developmentRegion = en;
			hasScannedForEncodings = 0;
			knownRegions = (
				en,
				Base,
			);
			mainGroup = 99A8D8ED28285F46007189DC;
			packageReferences = (
				99B6532D2832C8EB0004425D /* XCRemoteSwiftPackageReference "CallParserForMac" */,
			);
			productRefGroup = 99A8D8F728285F46007189DC /* Products */;
			projectDirPath = "";
			projectRoot = "";
			targets = (
				99A8D8F528285F46007189DC /* xLogExplorer */,
			);
		};
/* End PBXProject section */

/* Begin PBXResourcesBuildPhase section */
		99A8D8F428285F46007189DC /* Resources */ = {
			isa = PBXResourcesBuildPhase;
			buildActionMask = 2147483647;
			files = (
				99A8D90128285F47007189DC /* Preview Assets.xcassets in Resources */,
				99A8D8FE28285F47007189DC /* Assets.xcassets in Resources */,
			);
			runOnlyForDeploymentPostprocessing = 0;
		};
/* End PBXResourcesBuildPhase section */

/* Begin PBXSourcesBuildPhase section */
		99A8D8F228285F46007189DC /* Sources */ = {
			isa = PBXSourcesBuildPhase;
			buildActionMask = 2147483647;
			files = (
				99635D48282C58AE00966C4B /* ListHeaderView.swift in Sources */,
				9950961C28341CA8007F627B /* QRZDataView.swift in Sources */,
				9959981828625F6C00219AC8 /* QueryBar.swift in Sources */,
				9950961A2834185A007F627B /* TopRowView.swift in Sources */,
				9933BAB1282AE63F003F120A /* Support.swift in Sources */,
				99A8D8FC28285F46007189DC /* ContentView.swift in Sources */,
				9933BAB3282B0099003F120A /* DatabaseManager.swift in Sources */,
				9933BAAC282AE50D003F120A /* ListDisplayView.swift in Sources */,
				99A8D8FA28285F46007189DC /* xLogExplorerApp.swift in Sources */,
				9933BAAF282AE601003F120A /* Controller.swift in Sources */,
			);
			runOnlyForDeploymentPostprocessing = 0;
		};
/* End PBXSourcesBuildPhase section */

/* Begin XCBuildConfiguration section */
		99A8D90328285F47007189DC /* Debug */ = {
			isa = XCBuildConfiguration;
			buildSettings = {
				ALWAYS_SEARCH_USER_PATHS = NO;
				CLANG_ANALYZER_NONNULL = YES;
				CLANG_ANALYZER_NUMBER_OBJECT_CONVERSION = YES_AGGRESSIVE;
				CLANG_CXX_LANGUAGE_STANDARD = "gnu++17";
				CLANG_CXX_LIBRARY = "libc++";
				CLANG_ENABLE_MODULES = YES;
				CLANG_ENABLE_OBJC_ARC = YES;
				CLANG_ENABLE_OBJC_WEAK = YES;
				CLANG_WARN_BLOCK_CAPTURE_AUTORELEASING = YES;
				CLANG_WARN_BOOL_CONVERSION = YES;
				CLANG_WARN_COMMA = YES;
				CLANG_WARN_CONSTANT_CONVERSION = YES;
				CLANG_WARN_DEPRECATED_OBJC_IMPLEMENTATIONS = YES;
				CLANG_WARN_DIRECT_OBJC_ISA_USAGE = YES_ERROR;
				CLANG_WARN_DOCUMENTATION_COMMENTS = YES;
				CLANG_WARN_EMPTY_BODY = YES;
				CLANG_WARN_ENUM_CONVERSION = YES;
				CLANG_WARN_INFINITE_RECURSION = YES;
				CLANG_WARN_INT_CONVERSION = YES;
				CLANG_WARN_NON_LITERAL_NULL_CONVERSION = YES;
				CLANG_WARN_OBJC_IMPLICIT_RETAIN_SELF = YES;
				CLANG_WARN_OBJC_LITERAL_CONVERSION = YES;
				CLANG_WARN_OBJC_ROOT_CLASS = YES_ERROR;
				CLANG_WARN_QUOTED_INCLUDE_IN_FRAMEWORK_HEADER = YES;
				CLANG_WARN_RANGE_LOOP_ANALYSIS = YES;
				CLANG_WARN_STRICT_PROTOTYPES = YES;
				CLANG_WARN_SUSPICIOUS_MOVE = YES;
				CLANG_WARN_UNGUARDED_AVAILABILITY = YES_AGGRESSIVE;
				CLANG_WARN_UNREACHABLE_CODE = YES;
				CLANG_WARN__DUPLICATE_METHOD_MATCH = YES;
				COPY_PHASE_STRIP = NO;
				DEBUG_INFORMATION_FORMAT = dwarf;
				ENABLE_STRICT_OBJC_MSGSEND = YES;
				ENABLE_TESTABILITY = YES;
				GCC_C_LANGUAGE_STANDARD = gnu11;
				GCC_DYNAMIC_NO_PIC = NO;
				GCC_NO_COMMON_BLOCKS = YES;
				GCC_OPTIMIZATION_LEVEL = 0;
				GCC_PREPROCESSOR_DEFINITIONS = (
					"DEBUG=1",
					"$(inherited)",
				);
				GCC_WARN_64_TO_32_BIT_CONVERSION = YES;
				GCC_WARN_ABOUT_RETURN_TYPE = YES_ERROR;
				GCC_WARN_UNDECLARED_SELECTOR = YES;
				GCC_WARN_UNINITIALIZED_AUTOS = YES_AGGRESSIVE;
				GCC_WARN_UNUSED_FUNCTION = YES;
				GCC_WARN_UNUSED_VARIABLE = YES;
				MACOSX_DEPLOYMENT_TARGET = 12.1;
				MTL_ENABLE_DEBUG_INFO = INCLUDE_SOURCE;
				MTL_FAST_MATH = YES;
				ONLY_ACTIVE_ARCH = YES;
				SDKROOT = macosx;
				SWIFT_ACTIVE_COMPILATION_CONDITIONS = DEBUG;
				SWIFT_OPTIMIZATION_LEVEL = "-Onone";
			};
			name = Debug;
		};
		99A8D90428285F47007189DC /* Release */ = {
			isa = XCBuildConfiguration;
			buildSettings = {
				ALWAYS_SEARCH_USER_PATHS = NO;
				CLANG_ANALYZER_NONNULL = YES;
				CLANG_ANALYZER_NUMBER_OBJECT_CONVERSION = YES_AGGRESSIVE;
				CLANG_CXX_LANGUAGE_STANDARD = "gnu++17";
				CLANG_CXX_LIBRARY = "libc++";
				CLANG_ENABLE_MODULES = YES;
				CLANG_ENABLE_OBJC_ARC = YES;
				CLANG_ENABLE_OBJC_WEAK = YES;
				CLANG_WARN_BLOCK_CAPTURE_AUTORELEASING = YES;
				CLANG_WARN_BOOL_CONVERSION = YES;
				CLANG_WARN_COMMA = YES;
				CLANG_WARN_CONSTANT_CONVERSION = YES;
				CLANG_WARN_DEPRECATED_OBJC_IMPLEMENTATIONS = YES;
				CLANG_WARN_DIRECT_OBJC_ISA_USAGE = YES_ERROR;
				CLANG_WARN_DOCUMENTATION_COMMENTS = YES;
				CLANG_WARN_EMPTY_BODY = YES;
				CLANG_WARN_ENUM_CONVERSION = YES;
				CLANG_WARN_INFINITE_RECURSION = YES;
				CLANG_WARN_INT_CONVERSION = YES;
				CLANG_WARN_NON_LITERAL_NULL_CONVERSION = YES;
				CLANG_WARN_OBJC_IMPLICIT_RETAIN_SELF = YES;
				CLANG_WARN_OBJC_LITERAL_CONVERSION = YES;
				CLANG_WARN_OBJC_ROOT_CLASS = YES_ERROR;
				CLANG_WARN_QUOTED_INCLUDE_IN_FRAMEWORK_HEADER = YES;
				CLANG_WARN_RANGE_LOOP_ANALYSIS = YES;
				CLANG_WARN_STRICT_PROTOTYPES = YES;
				CLANG_WARN_SUSPICIOUS_MOVE = YES;
				CLANG_WARN_UNGUARDED_AVAILABILITY = YES_AGGRESSIVE;
				CLANG_WARN_UNREACHABLE_CODE = YES;
				CLANG_WARN__DUPLICATE_METHOD_MATCH = YES;
				COPY_PHASE_STRIP = NO;
				DEBUG_INFORMATION_FORMAT = "dwarf-with-dsym";
				ENABLE_NS_ASSERTIONS = NO;
				ENABLE_STRICT_OBJC_MSGSEND = YES;
				GCC_C_LANGUAGE_STANDARD = gnu11;
				GCC_NO_COMMON_BLOCKS = YES;
				GCC_WARN_64_TO_32_BIT_CONVERSION = YES;
				GCC_WARN_ABOUT_RETURN_TYPE = YES_ERROR;
				GCC_WARN_UNDECLARED_SELECTOR = YES;
				GCC_WARN_UNINITIALIZED_AUTOS = YES_AGGRESSIVE;
				GCC_WARN_UNUSED_FUNCTION = YES;
				GCC_WARN_UNUSED_VARIABLE = YES;
				MACOSX_DEPLOYMENT_TARGET = 12.1;
				MTL_ENABLE_DEBUG_INFO = NO;
				MTL_FAST_MATH = YES;
				SDKROOT = macosx;
				SWIFT_COMPILATION_MODE = wholemodule;
				SWIFT_OPTIMIZATION_LEVEL = "-O";
			};
			name = Release;
		};
		99A8D90628285F47007189DC /* Debug */ = {
			isa = XCBuildConfiguration;
			buildSettings = {
				ASSETCATALOG_COMPILER_APPICON_NAME = AppIcon;
				ASSETCATALOG_COMPILER_GLOBAL_ACCENT_COLOR_NAME = AccentColor;
				CODE_SIGN_ENTITLEMENTS = xLogExplorer/xLogExplorer.entitlements;
				CODE_SIGN_IDENTITY = "Apple Development";
				CODE_SIGN_STYLE = Automatic;
				COMBINE_HIDPI_IMAGES = YES;
				CURRENT_PROJECT_VERSION = 7;
				DEVELOPMENT_ASSET_PATHS = "\"xLogExplorer/Preview Content\"";
				DEVELOPMENT_TEAM = JE278GX57V;
				ENABLE_HARDENED_RUNTIME = YES;
				ENABLE_PREVIEWS = YES;
				GENERATE_INFOPLIST_FILE = YES;
				INFOPLIST_KEY_LSApplicationCategoryType = "public.app-category.utilities";
				INFOPLIST_KEY_NSHumanReadableCopyright = "";
				LD_RUNPATH_SEARCH_PATHS = (
					"$(inherited)",
					"@executable_path/../Frameworks",
				);
				MARKETING_VERSION = 1.1;
				PRODUCT_BUNDLE_IDENTIFIER = com.w6op.xLogExplorer;
				PRODUCT_NAME = "$(TARGET_NAME)";
				SWIFT_EMIT_LOC_STRINGS = YES;
				SWIFT_VERSION = 5.0;
			};
			name = Debug;
		};
		99A8D90728285F47007189DC /* Release */ = {
			isa = XCBuildConfiguration;
			buildSettings = {
				ASSETCATALOG_COMPILER_APPICON_NAME = AppIcon;
				ASSETCATALOG_COMPILER_GLOBAL_ACCENT_COLOR_NAME = AccentColor;
				CODE_SIGN_ENTITLEMENTS = xLogExplorer/xLogExplorer.entitlements;
				CODE_SIGN_IDENTITY = "Apple Development";
				CODE_SIGN_STYLE = Automatic;
				COMBINE_HIDPI_IMAGES = YES;
				CURRENT_PROJECT_VERSION = 7;
				DEVELOPMENT_ASSET_PATHS = "\"xLogExplorer/Preview Content\"";
				DEVELOPMENT_TEAM = JE278GX57V;
				ENABLE_HARDENED_RUNTIME = YES;
				ENABLE_PREVIEWS = YES;
				GENERATE_INFOPLIST_FILE = YES;
				INFOPLIST_KEY_LSApplicationCategoryType = "public.app-category.utilities";
				INFOPLIST_KEY_NSHumanReadableCopyright = "";
				LD_RUNPATH_SEARCH_PATHS = (
					"$(inherited)",
					"@executable_path/../Frameworks",
				);
				MARKETING_VERSION = 1.1;
				PRODUCT_BUNDLE_IDENTIFIER = com.w6op.xLogExplorer;
				PRODUCT_NAME = "$(TARGET_NAME)";
				SWIFT_EMIT_LOC_STRINGS = YES;
				SWIFT_VERSION = 5.0;
			};
			name = Release;
		};
/* End XCBuildConfiguration section */

/* Begin XCConfigurationList section */
		99A8D8F128285F46007189DC /* Build configuration list for PBXProject "xLogExplorer" */ = {
			isa = XCConfigurationList;
			buildConfigurations = (
				99A8D90328285F47007189DC /* Debug */,
				99A8D90428285F47007189DC /* Release */,
			);
			defaultConfigurationIsVisible = 0;
			defaultConfigurationName = Release;
		};
		99A8D90528285F47007189DC /* Build configuration list for PBXNativeTarget "xLogExplorer" */ = {
			isa = XCConfigurationList;
			buildConfigurations = (
				99A8D90628285F47007189DC /* Debug */,
				99A8D90728285F47007189DC /* Release */,
			);
			defaultConfigurationIsVisible = 0;
			defaultConfigurationName = Release;
		};
/* End XCConfigurationList section */

/* Begin XCRemoteSwiftPackageReference section */
		99B6532D2832C8EB0004425D /* XCRemoteSwiftPackageReference "CallParserForMac" */ = {
			isa = XCRemoteSwiftPackageReference;
			repositoryURL = "https://github.com/W6OP/CallParserForMac.git";
			requirement = {
				kind = upToNextMajorVersion;
				minimumVersion = 1.0.0;
			};
		};
/* End XCRemoteSwiftPackageReference section */

/* Begin XCSwiftPackageProductDependency section */
		99B6532E2832C8EB0004425D /* CallParser */ = {
			isa = XCSwiftPackageProductDependency;
			package = 99B6532D2832C8EB0004425D /* XCRemoteSwiftPackageReference "CallParserForMac" */;
			productName = CallParser;
		};
/* End XCSwiftPackageProductDependency section */
	};
	rootObject = 99A8D8EE28285F46007189DC /* Project object */;
}
